<?xml version="1.0" encoding="utf-8"?>
<Project ToolsVersion="4.0" xmlns="http://schemas.microsoft.com/developer/msbuild/2003">
  <ItemGroup>
    <ClCompile Include="rgy_prm.cpp" />
    <ClCompile Include="rgy_resource.cpp" />
    <ClCompile Include="rgy_util.cpp" />
    <ClCompile Include="rgy_frame.cpp" />
    <ClCompile Include="rgy_log.cpp" />
    <ClCompile Include="convert_csp_ssse3.cpp" />
    <ClCompile Include="convert_csp.cpp" />
    <ClCompile Include="convert_csp_avx.cpp" />
    <ClCompile Include="convert_csp_avx2.cpp" />
    <ClCompile Include="convert_csp_sse2.cpp" />
    <ClCompile Include="convert_csp_sse41.cpp" />
    <ClCompile Include="rgy_simd.cpp" />
    <ClCompile Include="rgy_ini.cpp" />
    <ClCompile Include="rgy_codepage.cpp" />
    <ClCompile Include="rgy_def.cpp" />
    <ClCompile Include="rgy_err.cpp" />
    <ClCompile Include="rgy_hdr10plus.cpp" />
    <ClCompile Include="rgy_thread_affinity.cpp" />
    <ClCompile Include="rgy_pipe.cpp" />
    <ClCompile Include="rgy_filesystem.cpp" />
    <ClCompile Include="rgy_env.cpp" />
    <ClCompile Include="cpu_info.cpp" />
    <ClCompile Include="gpu_info.cpp" />
    <ClCompile Include="rgy_perf_counter.cpp" />
    <ClCompile Include="rgy_perf_monitor.cpp" />
    <ClCompile Include="rgy_status.cpp" />
    <ClCompile Include="gpuz_info.cpp" />
    <ClCompile Include="convert_csp_func.cpp" />
    <ClCompile Include="rgy_event.cpp" />
    <ClCompile Include="rgy_cmd.cpp" />
    <ClCompile Include="rgy_language.cpp" />
    <ClCompile Include="rgy_frame_info.cpp" />
    <ClCompile Include="rgy_filter.cpp" />
    <ClCompile Include="NVEncFilterParam.cpp" />
    <ClCompile Include="rgy_device.cpp" />
  </ItemGroup>
  <ItemGroup>
    <ClInclude Include="rgy_prm.h" />
    <ClInclude Include="rgy_resource.h" />
    <ClInclude Include="rgy_tchar.h" />
    <ClInclude Include="rgy_util.h" />
    <ClInclude Include="rgy_frame.h" />
    <ClInclude Include="rgy_log.h" />
    <ClInclude Include="rgy_osdep.h" />
    <ClInclude Include="rgy_version.h" />
    <ClInclude Include="convert_csp_simd.h" />
    <ClInclude Include="rgy_simd.h" />
    <ClInclude Include="rgy_ini.h" />
    <ClInclude Include="convert_const.h" />
    <ClInclude Include="rgy_codepage.h" />
    <ClInclude Include="rgy_def.h" />
    <ClInclude Include="rgy_err.h" />
    <ClInclude Include="rgy_hdr10plus.h" />
    <ClInclude Include="rgy_thread_affinity.h" />
    <ClInclude Include="rgy_pipe.h" />
    <ClInclude Include="rgy_filesystem.h" />
    <ClInclude Include="rgy_env.h" />
    <ClInclude Include="cpu_info.h" />
    <ClInclude Include="rgy_arch.h" />
    <ClInclude Include="gpu_info.h" />
    <ClInclude Include="rgy_perf_counter.h" />
    <ClInclude Include="rgy_perf_monitor.h" />
    <ClInclude Include="rgy_status.h" />
    <ClInclude Include="gpuz_info.h" />
    <ClInclude Include="convert_csp_func.h" />
    <ClInclude Include="rgy_caption.h" />
    <ClInclude Include="rgy_shared_mem.h" />
    <ClInclude Include="rgy_event.h" />
    <ClInclude Include="rgy_cmd.h" />
    <ClInclude Include="rgy_language.h" />
    <ClInclude Include="rgy_avutil.h" />
    <ClInclude Include="convert_csp.h" />
    <ClInclude Include="rgy_frame_info.h" />
    <ClInclude Include="rgy_filter.h" />
    <ClInclude Include="NVEncFilterParam.h" />
    <ClInclude Include="rgy_device.h" />
  </ItemGroup>
</Project>