<?xml version="1.0" encoding="utf-8"?>
<Project ToolsVersion="4.0" xmlns="http://schemas.microsoft.com/developer/msbuild/2003">
  <ItemGroup>
    <Filter Include="ソース ファイル">
      <UniqueIdentifier>{4FC737F1-C7A5-4376-A066-2A32D752A2FF}</UniqueIdentifier>
      <Extensions>cpp;c;cc;cxx;c++;cppm;ixx;def;odl;idl;hpj;bat;asm;asmx</Extensions>
    </Filter>
    <Filter Include="ヘッダー ファイル">
      <UniqueIdentifier>{93995380-89BD-4b04-88EB-625FBE52EBFB}</UniqueIdentifier>
      <Extensions>h;hh;hpp;hxx;h++;hm;inl;inc;ipp;xsd</Extensions>
    </Filter>
    <Filter Include="リソース ファイル">
      <UniqueIdentifier>{67DA6AB6-F800-4c08-8B7A-83BB121AAD01}</UniqueIdentifier>
      <Extensions>rc;ico;cur;bmp;dlg;rc2;rct;bin;rgs;gif;jpg;jpeg;jpe;resx;tiff;tif;png;wav;mfcribbon-ms</Extensions>
    </Filter>
  </ItemGroup>
  <ItemGroup>
    <None Include="rgy_filter.cl">
      <Filter>ソース ファイル</Filter>
    </None>
    <None Include="rgy_filter_convolution3d.cl">
      <Filter>ソース ファイル</Filter>
    </None>
    <None Include="rgy_filter_deband.cl">
      <Filter>ソース ファイル</Filter>
    </None>
    <None Include="rgy_filter_deband_gen_rand.cl">
      <Filter>ソース ファイル</Filter>
    </None>
    <None Include="rgy_filter_denoise_knn.cl">
      <Filter>ソース ファイル</Filter>
    </None>
    <None Include="rgy_filter_denoise_pmd.cl">
      <Filter>ソース ファイル</Filter>
    </None>
    <None Include="rgy_filter_edgelevel.cl">
      <Filter>ソース ファイル</Filter>
    </None>
    <None Include="rgy_filter_nnedi_common.cl">
      <Filter>ソース ファイル</Filter>
    </None>
    <None Include="rgy_filter_nnedi_k0.cl">
      <Filter>ソース ファイル</Filter>
    </None>
    <None Include="rgy_filter_nnedi_k1.cl">
      <Filter>ソース ファイル</Filter>
    </None>
    <None Include="rgy_filter_pad.cl">
      <Filter>ソース ファイル</Filter>
    </None>
    <None Include="rgy_filter_resize.cl">
      <Filter>ソース ファイル</Filter>
    </None>
    <None Include="rgy_filter_smooth.cl">
      <Filter>ソース ファイル</Filter>
    </None>
    <None Include="rgy_filter_transform.cl">
      <Filter>ソース ファイル</Filter>
    </None>
    <None Include="rgy_filter_tweak.cl">
      <Filter>ソース ファイル</Filter>
    </None>
    <None Include="rgy_filter_unsharp.cl">
      <Filter>ソース ファイル</Filter>
    </None>
    <None Include="rgy_filter_warpsharp.cl">
      <Filter>ソース ファイル</Filter>
    </None>
  </ItemGroup>
  <ItemGroup>
    <ClCompile Include="rgy_filter.cpp">
      <Filter>ソース ファイル</Filter>
    </ClCompile>
    <ClCompile Include="rgy_filter_colorspace.cpp">
      <Filter>ソース ファイル</Filter>
    </ClCompile>
    <ClCompile Include="rgy_filter_convolution3d.cpp">
      <Filter>ソース ファイル</Filter>
    </ClCompile>
    <ClCompile Include="rgy_filter_crop.cpp">
      <Filter>ソース ファイル</Filter>
    </ClCompile>
    <ClCompile Include="rgy_filter_deband.cpp">
      <Filter>ソース ファイル</Filter>
    </ClCompile>
    <ClCompile Include="rgy_filter_denoise_knn.cpp">
      <Filter>ソース ファイル</Filter>
    </ClCompile>
    <ClCompile Include="rgy_filter_denoise_pmd.cpp">
      <Filter>ソース ファイル</Filter>
    </ClCompile>
    <ClCompile Include="rgy_filter_edgelevel.cpp">
      <Filter>ソース ファイル</Filter>
    </ClCompile>
    <ClCompile Include="rgy_filter_nnedi.cpp">
      <Filter>ソース ファイル</Filter>
    </ClCompile>
    <ClCompile Include="rgy_filter_pad.cpp">
      <Filter>ソース ファイル</Filter>
    </ClCompile>
    <ClCompile Include="rgy_filter_resize.cpp">
      <Filter>ソース ファイル</Filter>
    </ClCompile>
    <ClCompile Include="rgy_filter_smooth.cpp">
      <Filter>ソース ファイル</Filter>
    </ClCompile>
    <ClCompile Include="rgy_filter_transform.cpp">
      <Filter>ソース ファイル</Filter>
    </ClCompile>
    <ClCompile Include="rgy_filter_tweak.cpp">
      <Filter>ソース ファイル</Filter>
    </ClCompile>
    <ClCompile Include="rgy_filter_unsharp.cpp">
      <Filter>ソース ファイル</Filter>
    </ClCompile>
    <ClCompile Include="rgy_filter_warpsharp.cpp">
      <Filter>ソース ファイル</Filter>
    </ClCompile>
    <ClCompile Include="rgy_opencl.cpp">
      <Filter>ソース ファイル</Filter>
    </ClCompile>
  </ItemGroup>
  <ItemGroup>
    <ClInclude Include="rgy_filter.h">
      <Filter>ヘッダー ファイル</Filter>
    </ClInclude>
    <ClInclude Include="rgy_filter_colorspace.h">
      <Filter>ヘッダー ファイル</Filter>
    </ClInclude>
    <ClInclude Include="rgy_filter_colorspace_func.h">
      <Filter>ヘッダー ファイル</Filter>
    </ClInclude>
    <ClInclude Include="rgy_filter_convolution3d.h">
      <Filter>ヘッダー ファイル</Filter>
    </ClInclude>
    <ClInclude Include="rgy_filter_deband.h">
      <Filter>ヘッダー ファイル</Filter>
    </ClInclude>
    <ClInclude Include="rgy_filter_denoise_knn.h">
      <Filter>ヘッダー ファイル</Filter>
    </ClInclude>
    <ClInclude Include="rgy_filter_denoise_pmd.h">
      <Filter>ヘッダー ファイル</Filter>
    </ClInclude>
    <ClInclude Include="rgy_filter_edgelevel.h">
      <Filter>ヘッダー ファイル</Filter>
    </ClInclude>
    <ClInclude Include="rgy_filter_nnedi.h">
      <Filter>ヘッダー ファイル</Filter>
    </ClInclude>
    <ClInclude Include="rgy_filter_smooth.h">
      <Filter>ヘッダー ファイル</Filter>
    </ClInclude>
    <ClInclude Include="rgy_filter_transform.h">
      <Filter>ヘッダー ファイル</Filter>
    </ClInclude>
    <ClInclude Include="rgy_filter_tweak.h">
      <Filter>ヘッダー ファイル</Filter>
    </ClInclude>
    <ClInclude Include="rgy_filter_unsharp.h">
      <Filter>ヘッダー ファイル</Filter>
    </ClInclude>
    <ClInclude Include="rgy_filter_warpsharp.h">
      <Filter>ヘッダー ファイル</Filter>
    </ClInclude>
    <ClInclude Include="rgy_opencl.h">
      <Filter>ヘッダー ファイル</Filter>
    </ClInclude>
  </ItemGroup>
</Project>